
Microsoft Visual Studio Solution File, Format Version 12.00
# Visual Studio 15
VisualStudioVersion = 15.0.27703.2000
MinimumVisualStudioVersion = 10.0.40219.1
Project("{FAE04EC0-301F-11D3-BF4B-00C04F79EFBC}") = "Reactive", "Reactive\Reactive.csproj", "{D959B7B9-F1F1-4EAF-B20C-A0A6B1A73DCB}"
EndProject
Global
	GlobalSection(SolutionConfigurationPlatforms) = preSolution
		Debug|Any CPU = Debug|Any CPU
		Release|Any CPU = Release|Any CPU
	EndGlobalSection
	GlobalSection(ProjectConfigurationPlatforms) = postSolution
		{D959B7B9-F1F1-4EAF-B20C-A0A6B1A73DCB}.Debug|Any CPU.ActiveCfg = Debug|Any CPU
		{D959B7B9-F1F1-4EAF-B20C-A0A6B1A73DCB}.Debug|Any CPU.Build.0 = Debug|Any CPU
		{D959B7B9-F1F1-4EAF-B20C-A0A6B1A73DCB}.Release|Any CPU.ActiveCfg = Release|Any CPU
		{D959B7B9-F1F1-4EAF-B20C-A0A6B1A73DCB}.Release|Any CPU.Build.0 = Release|Any CPU
	EndGlobalSection
	GlobalSection(SolutionProperties) = preSolution
		HideSolutionNode = FALSE
	EndGlobalSection
	GlobalSection(ExtensibilityGlobals) = postSolution
		SolutionGuid = {20F28325-EFFF-4C49-BC3D-C648ED5EB1E6}
	EndGlobalSection
EndGlobal
