
Microsoft Visual Studio Solution File, Format Version 12.00
# Visual Studio 15
VisualStudioVersion = 15.0.28010.2026
MinimumVisualStudioVersion = 10.0.40219.1
Project("{FAE04EC0-301F-11D3-BF4B-00C04F79EFBC}") = "ReactiveProgrammingApp", "ReactiveProgrammingApp\ReactiveProgrammingApp.csproj", "{BBF917B2-BA47-4FF1-81C8-2123463EB868}"
EndProject
Global
	GlobalSection(SolutionConfigurationPlatforms) = preSolution
		Debug|Any CPU = Debug|Any CPU
		Release|Any CPU = Release|Any CPU
	EndGlobalSection
	GlobalSection(ProjectConfigurationPlatforms) = postSolution
		{BBF917B2-BA47-4FF1-81C8-2123463EB868}.Debug|Any CPU.ActiveCfg = Debug|Any CPU
		{BBF917B2-BA47-4FF1-81C8-2123463EB868}.Debug|Any CPU.Build.0 = Debug|Any CPU
		{BBF917B2-BA47-4FF1-81C8-2123463EB868}.Release|Any CPU.ActiveCfg = Release|Any CPU
		{BBF917B2-BA47-4FF1-81C8-2123463EB868}.Release|Any CPU.Build.0 = Release|Any CPU
	EndGlobalSection
	GlobalSection(SolutionProperties) = preSolution
		HideSolutionNode = FALSE
	EndGlobalSection
	GlobalSection(ExtensibilityGlobals) = postSolution
		SolutionGuid = {4F537A43-37F5-4233-8D11-10C45FFF6010}
	EndGlobalSection
EndGlobal
